
Microsoft Visual Studio Solution File, Format Version 12.00
Project("{2150E333-8FDC-42A3-9474-1A3956D46DE8}") = "src", "src", "{12561F74-4B82-4E7D-832D-C232AC6FA291}"
EndProject
Project("{FAE04EC0-301F-11D3-BF4B-00C04F79EFBC}") = "Lykke.BilService.EthereumClassicSignService", "Lykke.BilService.EthereumClassicSignService\Lykke.BilService.EthereumClassicSignService.csproj", "{BCF050AB-E7CA-42A8-881C-F1A04A51D1FF}"
EndProject
Global
	GlobalSection(SolutionConfigurationPlatforms) = preSolution
		Debug|Any CPU = Debug|Any CPU
		Release|Any CPU = Release|Any CPU
	EndGlobalSection
	GlobalSection(NestedProjects) = preSolution
		{BCF050AB-E7CA-42A8-881C-F1A04A51D1FF} = {12561F74-4B82-4E7D-832D-C232AC6FA291}
	EndGlobalSection
	GlobalSection(ProjectConfigurationPlatforms) = postSolution
		{BCF050AB-E7CA-42A8-881C-F1A04A51D1FF}.Debug|Any CPU.ActiveCfg = Debug|Any CPU
		{BCF050AB-E7CA-42A8-881C-F1A04A51D1FF}.Debug|Any CPU.Build.0 = Debug|Any CPU
		{BCF050AB-E7CA-42A8-881C-F1A04A51D1FF}.Release|Any CPU.ActiveCfg = Release|Any CPU
		{BCF050AB-E7CA-42A8-881C-F1A04A51D1FF}.Release|Any CPU.Build.0 = Release|Any CPU
	EndGlobalSection
EndGlobal
